
Microsoft Visual Studio Solution File, Format Version 12.00
# Visual Studio Version 16
VisualStudioVersion = 16.0.34114.132
MinimumVisualStudioVersion = 10.0.40219.1
Project("{FAE04EC0-301F-11D3-BF4B-00C04F79EFBC}") = "LoopsExample", "LoopsExample\LoopsExample.csproj", "{169D96EC-AB34-4F1D-8EC4-2A751608A67C}"
EndProject
Global
	GlobalSection(SolutionConfigurationPlatforms) = preSolution
		Debug|Any CPU = Debug|Any CPU
		Release|Any CPU = Release|Any CPU
	EndGlobalSection
	GlobalSection(ProjectConfigurationPlatforms) = postSolution
		{169D96EC-AB34-4F1D-8EC4-2A751608A67C}.Debug|Any CPU.ActiveCfg = Debug|Any CPU
		{169D96EC-AB34-4F1D-8EC4-2A751608A67C}.Debug|Any CPU.Build.0 = Debug|Any CPU
		{169D96EC-AB34-4F1D-8EC4-2A751608A67C}.Release|Any CPU.ActiveCfg = Release|Any CPU
		{169D96EC-AB34-4F1D-8EC4-2A751608A67C}.Release|Any CPU.Build.0 = Release|Any CPU
	EndGlobalSection
	GlobalSection(SolutionProperties) = preSolution
		HideSolutionNode = FALSE
	EndGlobalSection
	GlobalSection(ExtensibilityGlobals) = postSolution
		SolutionGuid = {D223858E-6CBD-464F-9991-EE38534D1654}
	EndGlobalSection
EndGlobal
