
Microsoft Visual Studio Solution File, Format Version 12.00
# Visual Studio Version 16
VisualStudioVersion = 16.0.34114.132
MinimumVisualStudioVersion = 10.0.40219.1
Project("{FAE04EC0-301F-11D3-BF4B-00C04F79EFBC}") = "DailyReport", "DailyReport\DailyReport.csproj", "{D289D88F-DE4C-490D-9DAD-61B8C0FDEDC6}"
EndProject
Global
	GlobalSection(SolutionConfigurationPlatforms) = preSolution
		Debug|Any CPU = Debug|Any CPU
		Release|Any CPU = Release|Any CPU
	EndGlobalSection
	GlobalSection(ProjectConfigurationPlatforms) = postSolution
		{D289D88F-DE4C-490D-9DAD-61B8C0FDEDC6}.Debug|Any CPU.ActiveCfg = Debug|Any CPU
		{D289D88F-DE4C-490D-9DAD-61B8C0FDEDC6}.Debug|Any CPU.Build.0 = Debug|Any CPU
		{D289D88F-DE4C-490D-9DAD-61B8C0FDEDC6}.Release|Any CPU.ActiveCfg = Release|Any CPU
		{D289D88F-DE4C-490D-9DAD-61B8C0FDEDC6}.Release|Any CPU.Build.0 = Release|Any CPU
	EndGlobalSection
	GlobalSection(SolutionProperties) = preSolution
		HideSolutionNode = FALSE
	EndGlobalSection
	GlobalSection(ExtensibilityGlobals) = postSolution
		SolutionGuid = {A6D6AC17-1906-4CE6-BDAF-ABB1ACEC5A0F}
	EndGlobalSection
EndGlobal
