
Microsoft Visual Studio Solution File, Format Version 12.00
# Visual Studio Version 16
VisualStudioVersion = 16.0.34114.132
MinimumVisualStudioVersion = 10.0.40219.1
Project("{FAE04EC0-301F-11D3-BF4B-00C04F79EFBC}") = "CarInsurance", "CarInsurance\CarInsurance.csproj", "{F5AC2381-80FA-4DEE-9DD0-16F0436DFEA1}"
EndProject
Global
	GlobalSection(SolutionConfigurationPlatforms) = preSolution
		Debug|Any CPU = Debug|Any CPU
		Release|Any CPU = Release|Any CPU
	EndGlobalSection
	GlobalSection(ProjectConfigurationPlatforms) = postSolution
		{F5AC2381-80FA-4DEE-9DD0-16F0436DFEA1}.Debug|Any CPU.ActiveCfg = Debug|Any CPU
		{F5AC2381-80FA-4DEE-9DD0-16F0436DFEA1}.Debug|Any CPU.Build.0 = Debug|Any CPU
		{F5AC2381-80FA-4DEE-9DD0-16F0436DFEA1}.Release|Any CPU.ActiveCfg = Release|Any CPU
		{F5AC2381-80FA-4DEE-9DD0-16F0436DFEA1}.Release|Any CPU.Build.0 = Release|Any CPU
	EndGlobalSection
	GlobalSection(SolutionProperties) = preSolution
		HideSolutionNode = FALSE
	EndGlobalSection
	GlobalSection(ExtensibilityGlobals) = postSolution
		SolutionGuid = {45419F48-49DF-4E5C-A967-2B225AEEB46B}
	EndGlobalSection
EndGlobal
