
Microsoft Visual Studio Solution File, Format Version 12.00
# Visual Studio Version 16
VisualStudioVersion = 16.0.34114.132
MinimumVisualStudioVersion = 10.0.40219.1
Project("{FAE04EC0-301F-11D3-BF4B-00C04F79EFBC}") = "MethodAssignment5", "MethodAssignment5\MethodAssignment5.csproj", "{BC7D1412-455F-4249-8342-CEA6158D47F0}"
EndProject
Global
	GlobalSection(SolutionConfigurationPlatforms) = preSolution
		Debug|Any CPU = Debug|Any CPU
		Release|Any CPU = Release|Any CPU
	EndGlobalSection
	GlobalSection(ProjectConfigurationPlatforms) = postSolution
		{BC7D1412-455F-4249-8342-CEA6158D47F0}.Debug|Any CPU.ActiveCfg = Debug|Any CPU
		{BC7D1412-455F-4249-8342-CEA6158D47F0}.Debug|Any CPU.Build.0 = Debug|Any CPU
		{BC7D1412-455F-4249-8342-CEA6158D47F0}.Release|Any CPU.ActiveCfg = Release|Any CPU
		{BC7D1412-455F-4249-8342-CEA6158D47F0}.Release|Any CPU.Build.0 = Release|Any CPU
	EndGlobalSection
	GlobalSection(SolutionProperties) = preSolution
		HideSolutionNode = FALSE
	EndGlobalSection
	GlobalSection(ExtensibilityGlobals) = postSolution
		SolutionGuid = {137DCC11-BEE3-4AB7-B545-94224A37DF8C}
	EndGlobalSection
EndGlobal
